
Microsoft Visual Studio Solution File, Format Version 12.00
# Visual Studio Version 17
VisualStudioVersion = 17.8.34219.65
MinimumVisualStudioVersion = 10.0.40219.1
Project("{FAE04EC0-301F-11D3-BF4B-00C04F79EFBC}") = "BrawlhallaReplayReader", "BrawlhallaReplayReader.csproj", "{B99A531E-157C-463F-9270-8346037CD575}"
EndProject
Global
	GlobalSection(SolutionConfigurationPlatforms) = preSolution
		Debug|Any CPU = Debug|Any CPU
		Release|Any CPU = Release|Any CPU
	EndGlobalSection
	GlobalSection(ProjectConfigurationPlatforms) = postSolution
		{B99A531E-157C-463F-9270-8346037CD575}.Debug|Any CPU.ActiveCfg = Debug|Any CPU
		{B99A531E-157C-463F-9270-8346037CD575}.Debug|Any CPU.Build.0 = Debug|Any CPU
		{B99A531E-157C-463F-9270-8346037CD575}.Release|Any CPU.ActiveCfg = Release|Any CPU
		{B99A531E-157C-463F-9270-8346037CD575}.Release|Any CPU.Build.0 = Release|Any CPU
	EndGlobalSection
	GlobalSection(SolutionProperties) = preSolution
		HideSolutionNode = FALSE
	EndGlobalSection
	GlobalSection(ExtensibilityGlobals) = postSolution
		SolutionGuid = {FAB9D663-3A9A-450E-9A66-02D44012F5E5}
	EndGlobalSection
EndGlobal
